
Microsoft Visual Studio Solution File, Format Version 12.00
# Visual Studio Version 16
VisualStudioVersion = 16.0.30225.117
MinimumVisualStudioVersion = 10.0.40219.1
Project("{9A19103F-16F7-4668-BE54-9A1E7A4F7556}") = "BlazorTransitionableRoute", "src\BlazorTransitionableRoute\BlazorTransitionableRoute.csproj", "{CC0C329D-6EB9-4C47-BF5F-CFA50469BBC5}"
EndProject
Project("{9A19103F-16F7-4668-BE54-9A1E7A4F7556}") = "BlazorTransitionableRouteTest", "test\BlazorTransitionableRouteTest\BlazorTransitionableRouteTest.csproj", "{B19C26F2-98F7-40A5-B9D9-3013C7D4FE9D}"
EndProject
Global
	GlobalSection(SolutionConfigurationPlatforms) = preSolution
		Debug|Any CPU = Debug|Any CPU
		Release|Any CPU = Release|Any CPU
	EndGlobalSection
	GlobalSection(ProjectConfigurationPlatforms) = postSolution
		{CC0C329D-6EB9-4C47-BF5F-CFA50469BBC5}.Debug|Any CPU.ActiveCfg = Debug|Any CPU
		{CC0C329D-6EB9-4C47-BF5F-CFA50469BBC5}.Debug|Any CPU.Build.0 = Debug|Any CPU
		{CC0C329D-6EB9-4C47-BF5F-CFA50469BBC5}.Release|Any CPU.ActiveCfg = Release|Any CPU
		{CC0C329D-6EB9-4C47-BF5F-CFA50469BBC5}.Release|Any CPU.Build.0 = Release|Any CPU
		{B19C26F2-98F7-40A5-B9D9-3013C7D4FE9D}.Debug|Any CPU.ActiveCfg = Debug|Any CPU
		{B19C26F2-98F7-40A5-B9D9-3013C7D4FE9D}.Debug|Any CPU.Build.0 = Debug|Any CPU
		{B19C26F2-98F7-40A5-B9D9-3013C7D4FE9D}.Release|Any CPU.ActiveCfg = Release|Any CPU
		{B19C26F2-98F7-40A5-B9D9-3013C7D4FE9D}.Release|Any CPU.Build.0 = Release|Any CPU
	EndGlobalSection
	GlobalSection(SolutionProperties) = preSolution
		HideSolutionNode = FALSE
	EndGlobalSection
	GlobalSection(ExtensibilityGlobals) = postSolution
		SolutionGuid = {76448691-F73C-4367-AD8C-C929B2AB44C6}
	EndGlobalSection
EndGlobal
