
Microsoft Visual Studio Solution File, Format Version 12.00
# Visual Studio Version 17
VisualStudioVersion = 17.1.32328.378
MinimumVisualStudioVersion = 10.0.40219.1
Project("{FAE04EC0-301F-11D3-BF4B-00C04F79EFBC}") = "BlazorTransitionableRouteDemoServer", "BlazorTransitionableRouteDemoServer.csproj", "{F86E37EC-3E52-47BE-A07F-47E5C2162F7C}"
EndProject
Global
	GlobalSection(SolutionConfigurationPlatforms) = preSolution
		Debug|Any CPU = Debug|Any CPU
		Release|Any CPU = Release|Any CPU
	EndGlobalSection
	GlobalSection(ProjectConfigurationPlatforms) = postSolution
		{F86E37EC-3E52-47BE-A07F-47E5C2162F7C}.Debug|Any CPU.ActiveCfg = Debug|Any CPU
		{F86E37EC-3E52-47BE-A07F-47E5C2162F7C}.Debug|Any CPU.Build.0 = Debug|Any CPU
		{F86E37EC-3E52-47BE-A07F-47E5C2162F7C}.Release|Any CPU.ActiveCfg = Release|Any CPU
		{F86E37EC-3E52-47BE-A07F-47E5C2162F7C}.Release|Any CPU.Build.0 = Release|Any CPU
	EndGlobalSection
	GlobalSection(SolutionProperties) = preSolution
		HideSolutionNode = FALSE
	EndGlobalSection
	GlobalSection(ExtensibilityGlobals) = postSolution
		SolutionGuid = {A19456BC-48F0-4E47-ABCA-5AA9703E63A6}
	EndGlobalSection
EndGlobal
