
Microsoft Visual Studio Solution File, Format Version 12.00
# Visual Studio Version 16
VisualStudioVersion = 16.0.31129.286
MinimumVisualStudioVersion = 10.0.40219.1
Project("{FAE04EC0-301F-11D3-BF4B-00C04F79EFBC}") = "BlazorTransitionableRouteDemoWasm.Server", "Server\BlazorTransitionableRouteDemoWasm.Server.csproj", "{5B4FC3A7-4664-4EFF-B8C5-EEF28EC48602}"
EndProject
Project("{FAE04EC0-301F-11D3-BF4B-00C04F79EFBC}") = "BlazorTransitionableRouteDemoWasm.Client", "Client\BlazorTransitionableRouteDemoWasm.Client.csproj", "{6A168B1A-90C1-4E08-BD0C-E2ABA91ED33C}"
EndProject
Project("{FAE04EC0-301F-11D3-BF4B-00C04F79EFBC}") = "BlazorTransitionableRouteDemoWasm.Shared", "Shared\BlazorTransitionableRouteDemoWasm.Shared.csproj", "{78B44F90-3C6A-434F-8EE5-BF145F55DE1D}"
EndProject
Global
	GlobalSection(SolutionConfigurationPlatforms) = preSolution
		Debug|Any CPU = Debug|Any CPU
		Release|Any CPU = Release|Any CPU
	EndGlobalSection
	GlobalSection(ProjectConfigurationPlatforms) = postSolution
		{5B4FC3A7-4664-4EFF-B8C5-EEF28EC48602}.Debug|Any CPU.ActiveCfg = Debug|Any CPU
		{5B4FC3A7-4664-4EFF-B8C5-EEF28EC48602}.Debug|Any CPU.Build.0 = Debug|Any CPU
		{5B4FC3A7-4664-4EFF-B8C5-EEF28EC48602}.Release|Any CPU.ActiveCfg = Release|Any CPU
		{5B4FC3A7-4664-4EFF-B8C5-EEF28EC48602}.Release|Any CPU.Build.0 = Release|Any CPU
		{6A168B1A-90C1-4E08-BD0C-E2ABA91ED33C}.Debug|Any CPU.ActiveCfg = Debug|Any CPU
		{6A168B1A-90C1-4E08-BD0C-E2ABA91ED33C}.Debug|Any CPU.Build.0 = Debug|Any CPU
		{6A168B1A-90C1-4E08-BD0C-E2ABA91ED33C}.Release|Any CPU.ActiveCfg = Release|Any CPU
		{6A168B1A-90C1-4E08-BD0C-E2ABA91ED33C}.Release|Any CPU.Build.0 = Release|Any CPU
		{78B44F90-3C6A-434F-8EE5-BF145F55DE1D}.Debug|Any CPU.ActiveCfg = Debug|Any CPU
		{78B44F90-3C6A-434F-8EE5-BF145F55DE1D}.Debug|Any CPU.Build.0 = Debug|Any CPU
		{78B44F90-3C6A-434F-8EE5-BF145F55DE1D}.Release|Any CPU.ActiveCfg = Release|Any CPU
		{78B44F90-3C6A-434F-8EE5-BF145F55DE1D}.Release|Any CPU.Build.0 = Release|Any CPU
	EndGlobalSection
	GlobalSection(SolutionProperties) = preSolution
		HideSolutionNode = FALSE
	EndGlobalSection
	GlobalSection(ExtensibilityGlobals) = postSolution
		SolutionGuid = {8CB6DD5A-59B6-4B3D-BA57-F84BCDABFBD5}
	EndGlobalSection
EndGlobal
