
Microsoft Visual Studio Solution File, Format Version 12.00
# Visual Studio Version 16
VisualStudioVersion = 16.0.30225.117
MinimumVisualStudioVersion = 10.0.40219.1
Project("{FAE04EC0-301F-11D3-BF4B-00C04F79EFBC}") = "BlazorTransitionableRouteDemoServer", "BlazorTransitionableRouteDemoServer.csproj", "{98B7D8AA-973B-49FD-9FC6-25186E7A559C}"
EndProject
Project("{9A19103F-16F7-4668-BE54-9A1E7A4F7556}") = "BlazorTransitionableRoute", "..\..\src\BlazorTransitionableRoute\BlazorTransitionableRoute.csproj", "{413C2EC8-56E1-4269-B038-5AC42D032416}"
EndProject
Global
	GlobalSection(SolutionConfigurationPlatforms) = preSolution
		Debug|Any CPU = Debug|Any CPU
		Release|Any CPU = Release|Any CPU
	EndGlobalSection
	GlobalSection(ProjectConfigurationPlatforms) = postSolution
		{98B7D8AA-973B-49FD-9FC6-25186E7A559C}.Debug|Any CPU.ActiveCfg = Debug|Any CPU
		{98B7D8AA-973B-49FD-9FC6-25186E7A559C}.Debug|Any CPU.Build.0 = Debug|Any CPU
		{98B7D8AA-973B-49FD-9FC6-25186E7A559C}.Release|Any CPU.ActiveCfg = Release|Any CPU
		{98B7D8AA-973B-49FD-9FC6-25186E7A559C}.Release|Any CPU.Build.0 = Release|Any CPU
		{413C2EC8-56E1-4269-B038-5AC42D032416}.Debug|Any CPU.ActiveCfg = Debug|Any CPU
		{413C2EC8-56E1-4269-B038-5AC42D032416}.Debug|Any CPU.Build.0 = Debug|Any CPU
		{413C2EC8-56E1-4269-B038-5AC42D032416}.Release|Any CPU.ActiveCfg = Release|Any CPU
		{413C2EC8-56E1-4269-B038-5AC42D032416}.Release|Any CPU.Build.0 = Release|Any CPU
	EndGlobalSection
	GlobalSection(SolutionProperties) = preSolution
		HideSolutionNode = FALSE
	EndGlobalSection
	GlobalSection(ExtensibilityGlobals) = postSolution
		SolutionGuid = {44E49E28-43A6-4DFA-8B82-6754B50B4C81}
	EndGlobalSection
EndGlobal
